
Microsoft Visual Studio Solution File, Format Version 12.00
# Visual Studio 15
VisualStudioVersion = 15.0.27004.2005
MinimumVisualStudioVersion = 10.0.40219.1
Project("{FAE04EC0-301F-11D3-BF4B-00C04F79EFBC}") = "WebSocketServerApp", "WebSocketServerApp\WebSocketServerApp.csproj", "{A630A28F-B8A9-420B-8D16-468139EA9BAD}"
EndProject
Project("{FAE04EC0-301F-11D3-BF4B-00C04F79EFBC}") = "IdealWebSocket", "IdealWebSocket\IdealWebSocket.csproj", "{597AB4BC-EB78-45BE-9B2E-4E17EFA8FC16}"
EndProject
Global
	GlobalSection(SolutionConfigurationPlatforms) = preSolution
		Debug|Any CPU = Debug|Any CPU
		Release|Any CPU = Release|Any CPU
	EndGlobalSection
	GlobalSection(ProjectConfigurationPlatforms) = postSolution
		{A630A28F-B8A9-420B-8D16-468139EA9BAD}.Debug|Any CPU.ActiveCfg = Debug|Any CPU
		{A630A28F-B8A9-420B-8D16-468139EA9BAD}.Debug|Any CPU.Build.0 = Debug|Any CPU
		{A630A28F-B8A9-420B-8D16-468139EA9BAD}.Release|Any CPU.ActiveCfg = Release|Any CPU
		{A630A28F-B8A9-420B-8D16-468139EA9BAD}.Release|Any CPU.Build.0 = Release|Any CPU
		{597AB4BC-EB78-45BE-9B2E-4E17EFA8FC16}.Debug|Any CPU.ActiveCfg = Debug|Any CPU
		{597AB4BC-EB78-45BE-9B2E-4E17EFA8FC16}.Debug|Any CPU.Build.0 = Debug|Any CPU
		{597AB4BC-EB78-45BE-9B2E-4E17EFA8FC16}.Release|Any CPU.ActiveCfg = Release|Any CPU
		{597AB4BC-EB78-45BE-9B2E-4E17EFA8FC16}.Release|Any CPU.Build.0 = Release|Any CPU
	EndGlobalSection
	GlobalSection(SolutionProperties) = preSolution
		HideSolutionNode = FALSE
	EndGlobalSection
	GlobalSection(ExtensibilityGlobals) = postSolution
		SolutionGuid = {2B60AFB6-1573-4354-A0E2-29C98946DDF0}
	EndGlobalSection
EndGlobal
